
Microsoft Visual Studio Solution File, Format Version 12.00
# Visual Studio 15
VisualStudioVersion = 15.0.27428.2005
MinimumVisualStudioVersion = 10.0.40219.1
Project("{FAE04EC0-301F-11D3-BF4B-00C04F79EFBC}") = "AkavacheExemplo.Android", "AkavacheExemplo\AkavacheExemplo.Android\AkavacheExemplo.Android.csproj", "{E26271CB-F408-4B42-8027-0049AF1D550E}"
EndProject
Project("{FAE04EC0-301F-11D3-BF4B-00C04F79EFBC}") = "AkavacheExemplo.iOS", "AkavacheExemplo\AkavacheExemplo.iOS\AkavacheExemplo.iOS.csproj", "{DF4D0528-8762-4824-A84D-CBB9D1E78232}"
EndProject
Project("{FAE04EC0-301F-11D3-BF4B-00C04F79EFBC}") = "AkavacheExemplo.UWP", "AkavacheExemplo\AkavacheExemplo.UWP\AkavacheExemplo.UWP.csproj", "{EBEAEF81-9EED-494D-BDEB-CED177C527B8}"
EndProject
Project("{FAE04EC0-301F-11D3-BF4B-00C04F79EFBC}") = "AkavacheExemplo", "AkavacheExemplo\AkavacheExemplo\AkavacheExemplo.csproj", "{B0F683AE-4DB7-4E1C-BD8E-AF4A16BC623F}"
EndProject
Global
	GlobalSection(SolutionConfigurationPlatforms) = preSolution
		Ad-Hoc|Any CPU = Ad-Hoc|Any CPU
		Ad-Hoc|ARM = Ad-Hoc|ARM
		Ad-Hoc|iPhone = Ad-Hoc|iPhone
		Ad-Hoc|iPhoneSimulator = Ad-Hoc|iPhoneSimulator
		Ad-Hoc|x64 = Ad-Hoc|x64
		Ad-Hoc|x86 = Ad-Hoc|x86
		AppStore|Any CPU = AppStore|Any CPU
		AppStore|ARM = AppStore|ARM
		AppStore|iPhone = AppStore|iPhone
		AppStore|iPhoneSimulator = AppStore|iPhoneSimulator
		AppStore|x64 = AppStore|x64
		AppStore|x86 = AppStore|x86
		Debug|Any CPU = Debug|Any CPU
		Debug|ARM = Debug|ARM
		Debug|iPhone = Debug|iPhone
		Debug|iPhoneSimulator = Debug|iPhoneSimulator
		Debug|x64 = Debug|x64
		Debug|x86 = Debug|x86
		Release|Any CPU = Release|Any CPU
		Release|ARM = Release|ARM
		Release|iPhone = Release|iPhone
		Release|iPhoneSimulator = Release|iPhoneSimulator
		Release|x64 = Release|x64
		Release|x86 = Release|x86
	EndGlobalSection
	GlobalSection(ProjectConfigurationPlatforms) = postSolution
		{E26271CB-F408-4B42-8027-0049AF1D550E}.Ad-Hoc|Any CPU.ActiveCfg = Release|Any CPU
		{E26271CB-F408-4B42-8027-0049AF1D550E}.Ad-Hoc|Any CPU.Build.0 = Release|Any CPU
		{E26271CB-F408-4B42-8027-0049AF1D550E}.Ad-Hoc|Any CPU.Deploy.0 = Release|Any CPU
		{E26271CB-F408-4B42-8027-0049AF1D550E}.Ad-Hoc|ARM.ActiveCfg = Release|Any CPU
		{E26271CB-F408-4B42-8027-0049AF1D550E}.Ad-Hoc|ARM.Build.0 = Release|Any CPU
		{E26271CB-F408-4B42-8027-0049AF1D550E}.Ad-Hoc|ARM.Deploy.0 = Release|Any CPU
		{E26271CB-F408-4B42-8027-0049AF1D550E}.Ad-Hoc|iPhone.ActiveCfg = Release|Any CPU
		{E26271CB-F408-4B42-8027-0049AF1D550E}.Ad-Hoc|iPhone.Build.0 = Release|Any CPU
		{E26271CB-F408-4B42-8027-0049AF1D550E}.Ad-Hoc|iPhone.Deploy.0 = Release|Any CPU
		{E26271CB-F408-4B42-8027-0049AF1D550E}.Ad-Hoc|iPhoneSimulator.ActiveCfg = Release|Any CPU
		{E26271CB-F408-4B42-8027-0049AF1D550E}.Ad-Hoc|iPhoneSimulator.Build.0 = Release|Any CPU
		{E26271CB-F408-4B42-8027-0049AF1D550E}.Ad-Hoc|iPhoneSimulator.Deploy.0 = Release|Any CPU
		{E26271CB-F408-4B42-8027-0049AF1D550E}.Ad-Hoc|x64.ActiveCfg = Release|Any CPU
		{E26271CB-F408-4B42-8027-0049AF1D550E}.Ad-Hoc|x64.Build.0 = Release|Any CPU
		{E26271CB-F408-4B42-8027-0049AF1D550E}.Ad-Hoc|x64.Deploy.0 = Release|Any CPU
		{E26271CB-F408-4B42-8027-0049AF1D550E}.Ad-Hoc|x86.ActiveCfg = Release|Any CPU
		{E26271CB-F408-4B42-8027-0049AF1D550E}.Ad-Hoc|x86.Build.0 = Release|Any CPU
		{E26271CB-F408-4B42-8027-0049AF1D550E}.Ad-Hoc|x86.Deploy.0 = Release|Any CPU
		{E26271CB-F408-4B42-8027-0049AF1D550E}.AppStore|Any CPU.ActiveCfg = Release|Any CPU
		{E26271CB-F408-4B42-8027-0049AF1D550E}.AppStore|Any CPU.Build.0 = Release|Any CPU
		{E26271CB-F408-4B42-8027-0049AF1D550E}.AppStore|Any CPU.Deploy.0 = Release|Any CPU
		{E26271CB-F408-4B42-8027-0049AF1D550E}.AppStore|ARM.ActiveCfg = Release|Any CPU
		{E26271CB-F408-4B42-8027-0049AF1D550E}.AppStore|ARM.Build.0 = Release|Any CPU
		{E26271CB-F408-4B42-8027-0049AF1D550E}.AppStore|ARM.Deploy.0 = Release|Any CPU
		{E26271CB-F408-4B42-8027-0049AF1D550E}.AppStore|iPhone.ActiveCfg = Release|Any CPU
		{E26271CB-F408-4B42-8027-0049AF1D550E}.AppStore|iPhone.Build.0 = Release|Any CPU
		{E26271CB-F408-4B42-8027-0049AF1D550E}.AppStore|iPhone.Deploy.0 = Release|Any CPU
		{E26271CB-F408-4B42-8027-0049AF1D550E}.AppStore|iPhoneSimulator.ActiveCfg = Release|Any CPU
		{E26271CB-F408-4B42-8027-0049AF1D550E}.AppStore|iPhoneSimulator.Build.0 = Release|Any CPU
		{E26271CB-F408-4B42-8027-0049AF1D550E}.AppStore|iPhoneSimulator.Deploy.0 = Release|Any CPU
		{E26271CB-F408-4B42-8027-0049AF1D550E}.AppStore|x64.ActiveCfg = Release|Any CPU
		{E26271CB-F408-4B42-8027-0049AF1D550E}.AppStore|x64.Build.0 = Release|Any CPU
		{E26271CB-F408-4B42-8027-0049AF1D550E}.AppStore|x64.Deploy.0 = Release|Any CPU
		{E26271CB-F408-4B42-8027-0049AF1D550E}.AppStore|x86.ActiveCfg = Release|Any CPU
		{E26271CB-F408-4B42-8027-0049AF1D550E}.AppStore|x86.Build.0 = Release|Any CPU
		{E26271CB-F408-4B42-8027-0049AF1D550E}.AppStore|x86.Deploy.0 = Release|Any CPU
		{E26271CB-F408-4B42-8027-0049AF1D550E}.Debug|Any CPU.ActiveCfg = Debug|Any CPU
		{E26271CB-F408-4B42-8027-0049AF1D550E}.Debug|Any CPU.Build.0 = Debug|Any CPU
		{E26271CB-F408-4B42-8027-0049AF1D550E}.Debug|Any CPU.Deploy.0 = Debug|Any CPU
		{E26271CB-F408-4B42-8027-0049AF1D550E}.Debug|ARM.ActiveCfg = Debug|Any CPU
		{E26271CB-F408-4B42-8027-0049AF1D550E}.Debug|ARM.Build.0 = Debug|Any CPU
		{E26271CB-F408-4B42-8027-0049AF1D550E}.Debug|ARM.Deploy.0 = Debug|Any CPU
		{E26271CB-F408-4B42-8027-0049AF1D550E}.Debug|iPhone.ActiveCfg = Debug|Any CPU
		{E26271CB-F408-4B42-8027-0049AF1D550E}.Debug|iPhone.Build.0 = Debug|Any CPU
		{E26271CB-F408-4B42-8027-0049AF1D550E}.Debug|iPhone.Deploy.0 = Debug|Any CPU
		{E26271CB-F408-4B42-8027-0049AF1D550E}.Debug|iPhoneSimulator.ActiveCfg = Debug|Any CPU
		{E26271CB-F408-4B42-8027-0049AF1D550E}.Debug|iPhoneSimulator.Build.0 = Debug|Any CPU
		{E26271CB-F408-4B42-8027-0049AF1D550E}.Debug|iPhoneSimulator.Deploy.0 = Debug|Any CPU
		{E26271CB-F408-4B42-8027-0049AF1D550E}.Debug|x64.ActiveCfg = Debug|Any CPU
		{E26271CB-F408-4B42-8027-0049AF1D550E}.Debug|x64.Build.0 = Debug|Any CPU
		{E26271CB-F408-4B42-8027-0049AF1D550E}.Debug|x64.Deploy.0 = Debug|Any CPU
		{E26271CB-F408-4B42-8027-0049AF1D550E}.Debug|x86.ActiveCfg = Debug|Any CPU
		{E26271CB-F408-4B42-8027-0049AF1D550E}.Debug|x86.Build.0 = Debug|Any CPU
		{E26271CB-F408-4B42-8027-0049AF1D550E}.Debug|x86.Deploy.0 = Debug|Any CPU
		{E26271CB-F408-4B42-8027-0049AF1D550E}.Release|Any CPU.ActiveCfg = Release|Any CPU
		{E26271CB-F408-4B42-8027-0049AF1D550E}.Release|Any CPU.Build.0 = Release|Any CPU
		{E26271CB-F408-4B42-8027-0049AF1D550E}.Release|Any CPU.Deploy.0 = Release|Any CPU
		{E26271CB-F408-4B42-8027-0049AF1D550E}.Release|ARM.ActiveCfg = Release|Any CPU
		{E26271CB-F408-4B42-8027-0049AF1D550E}.Release|ARM.Build.0 = Release|Any CPU
		{E26271CB-F408-4B42-8027-0049AF1D550E}.Release|ARM.Deploy.0 = Release|Any CPU
		{E26271CB-F408-4B42-8027-0049AF1D550E}.Release|iPhone.ActiveCfg = Release|Any CPU
		{E26271CB-F408-4B42-8027-0049AF1D550E}.Release|iPhone.Build.0 = Release|Any CPU
		{E26271CB-F408-4B42-8027-0049AF1D550E}.Release|iPhone.Deploy.0 = Release|Any CPU
		{E26271CB-F408-4B42-8027-0049AF1D550E}.Release|iPhoneSimulator.ActiveCfg = Release|Any CPU
		{E26271CB-F408-4B42-8027-0049AF1D550E}.Release|iPhoneSimulator.Build.0 = Release|Any CPU
		{E26271CB-F408-4B42-8027-0049AF1D550E}.Release|iPhoneSimulator.Deploy.0 = Release|Any CPU
		{E26271CB-F408-4B42-8027-0049AF1D550E}.Release|x64.ActiveCfg = Release|Any CPU
		{E26271CB-F408-4B42-8027-0049AF1D550E}.Release|x64.Build.0 = Release|Any CPU
		{E26271CB-F408-4B42-8027-0049AF1D550E}.Release|x64.Deploy.0 = Release|Any CPU
		{E26271CB-F408-4B42-8027-0049AF1D550E}.Release|x86.ActiveCfg = Release|Any CPU
		{E26271CB-F408-4B42-8027-0049AF1D550E}.Release|x86.Build.0 = Release|Any CPU
		{E26271CB-F408-4B42-8027-0049AF1D550E}.Release|x86.Deploy.0 = Release|Any CPU
		{DF4D0528-8762-4824-A84D-CBB9D1E78232}.Ad-Hoc|Any CPU.ActiveCfg = Ad-Hoc|iPhone
		{DF4D0528-8762-4824-A84D-CBB9D1E78232}.Ad-Hoc|ARM.ActiveCfg = Ad-Hoc|iPhone
		{DF4D0528-8762-4824-A84D-CBB9D1E78232}.Ad-Hoc|iPhone.ActiveCfg = Ad-Hoc|iPhone
		{DF4D0528-8762-4824-A84D-CBB9D1E78232}.Ad-Hoc|iPhone.Build.0 = Ad-Hoc|iPhone
		{DF4D0528-8762-4824-A84D-CBB9D1E78232}.Ad-Hoc|iPhoneSimulator.ActiveCfg = Ad-Hoc|iPhoneSimulator
		{DF4D0528-8762-4824-A84D-CBB9D1E78232}.Ad-Hoc|iPhoneSimulator.Build.0 = Ad-Hoc|iPhoneSimulator
		{DF4D0528-8762-4824-A84D-CBB9D1E78232}.Ad-Hoc|x64.ActiveCfg = Ad-Hoc|iPhone
		{DF4D0528-8762-4824-A84D-CBB9D1E78232}.Ad-Hoc|x86.ActiveCfg = Ad-Hoc|iPhone
		{DF4D0528-8762-4824-A84D-CBB9D1E78232}.AppStore|Any CPU.ActiveCfg = AppStore|iPhone
		{DF4D0528-8762-4824-A84D-CBB9D1E78232}.AppStore|ARM.ActiveCfg = AppStore|iPhone
		{DF4D0528-8762-4824-A84D-CBB9D1E78232}.AppStore|iPhone.ActiveCfg = AppStore|iPhone
		{DF4D0528-8762-4824-A84D-CBB9D1E78232}.AppStore|iPhone.Build.0 = AppStore|iPhone
		{DF4D0528-8762-4824-A84D-CBB9D1E78232}.AppStore|iPhoneSimulator.ActiveCfg = AppStore|iPhoneSimulator
		{DF4D0528-8762-4824-A84D-CBB9D1E78232}.AppStore|iPhoneSimulator.Build.0 = AppStore|iPhoneSimulator
		{DF4D0528-8762-4824-A84D-CBB9D1E78232}.AppStore|x64.ActiveCfg = AppStore|iPhone
		{DF4D0528-8762-4824-A84D-CBB9D1E78232}.AppStore|x86.ActiveCfg = AppStore|iPhone
		{DF4D0528-8762-4824-A84D-CBB9D1E78232}.Debug|Any CPU.ActiveCfg = Debug|iPhone
		{DF4D0528-8762-4824-A84D-CBB9D1E78232}.Debug|ARM.ActiveCfg = Debug|iPhone
		{DF4D0528-8762-4824-A84D-CBB9D1E78232}.Debug|iPhone.ActiveCfg = Debug|iPhone
		{DF4D0528-8762-4824-A84D-CBB9D1E78232}.Debug|iPhone.Build.0 = Debug|iPhone
		{DF4D0528-8762-4824-A84D-CBB9D1E78232}.Debug|iPhoneSimulator.ActiveCfg = Debug|iPhoneSimulator
		{DF4D0528-8762-4824-A84D-CBB9D1E78232}.Debug|iPhoneSimulator.Build.0 = Debug|iPhoneSimulator
		{DF4D0528-8762-4824-A84D-CBB9D1E78232}.Debug|x64.ActiveCfg = Debug|iPhone
		{DF4D0528-8762-4824-A84D-CBB9D1E78232}.Debug|x86.ActiveCfg = Debug|iPhone
		{DF4D0528-8762-4824-A84D-CBB9D1E78232}.Release|Any CPU.ActiveCfg = Release|iPhone
		{DF4D0528-8762-4824-A84D-CBB9D1E78232}.Release|ARM.ActiveCfg = Release|iPhone
		{DF4D0528-8762-4824-A84D-CBB9D1E78232}.Release|iPhone.ActiveCfg = Release|iPhone
		{DF4D0528-8762-4824-A84D-CBB9D1E78232}.Release|iPhone.Build.0 = Release|iPhone
		{DF4D0528-8762-4824-A84D-CBB9D1E78232}.Release|iPhoneSimulator.ActiveCfg = Release|iPhoneSimulator
		{DF4D0528-8762-4824-A84D-CBB9D1E78232}.Release|iPhoneSimulator.Build.0 = Release|iPhoneSimulator
		{DF4D0528-8762-4824-A84D-CBB9D1E78232}.Release|x64.ActiveCfg = Release|iPhone
		{DF4D0528-8762-4824-A84D-CBB9D1E78232}.Release|x86.ActiveCfg = Release|iPhone
		{EBEAEF81-9EED-494D-BDEB-CED177C527B8}.Ad-Hoc|Any CPU.ActiveCfg = Release|x86
		{EBEAEF81-9EED-494D-BDEB-CED177C527B8}.Ad-Hoc|Any CPU.Build.0 = Release|x86
		{EBEAEF81-9EED-494D-BDEB-CED177C527B8}.Ad-Hoc|Any CPU.Deploy.0 = Release|x86
		{EBEAEF81-9EED-494D-BDEB-CED177C527B8}.Ad-Hoc|ARM.ActiveCfg = Release|ARM
		{EBEAEF81-9EED-494D-BDEB-CED177C527B8}.Ad-Hoc|ARM.Build.0 = Release|ARM
		{EBEAEF81-9EED-494D-BDEB-CED177C527B8}.Ad-Hoc|ARM.Deploy.0 = Release|ARM
		{EBEAEF81-9EED-494D-BDEB-CED177C527B8}.Ad-Hoc|iPhone.ActiveCfg = Release|x86
		{EBEAEF81-9EED-494D-BDEB-CED177C527B8}.Ad-Hoc|iPhone.Build.0 = Release|x86
		{EBEAEF81-9EED-494D-BDEB-CED177C527B8}.Ad-Hoc|iPhone.Deploy.0 = Release|x86
		{EBEAEF81-9EED-494D-BDEB-CED177C527B8}.Ad-Hoc|iPhoneSimulator.ActiveCfg = Release|x86
		{EBEAEF81-9EED-494D-BDEB-CED177C527B8}.Ad-Hoc|iPhoneSimulator.Build.0 = Release|x86
		{EBEAEF81-9EED-494D-BDEB-CED177C527B8}.Ad-Hoc|iPhoneSimulator.Deploy.0 = Release|x86
		{EBEAEF81-9EED-494D-BDEB-CED177C527B8}.Ad-Hoc|x64.ActiveCfg = Release|x64
		{EBEAEF81-9EED-494D-BDEB-CED177C527B8}.Ad-Hoc|x64.Build.0 = Release|x64
		{EBEAEF81-9EED-494D-BDEB-CED177C527B8}.Ad-Hoc|x64.Deploy.0 = Release|x64
		{EBEAEF81-9EED-494D-BDEB-CED177C527B8}.Ad-Hoc|x86.ActiveCfg = Release|x86
		{EBEAEF81-9EED-494D-BDEB-CED177C527B8}.Ad-Hoc|x86.Build.0 = Release|x86
		{EBEAEF81-9EED-494D-BDEB-CED177C527B8}.Ad-Hoc|x86.Deploy.0 = Release|x86
		{EBEAEF81-9EED-494D-BDEB-CED177C527B8}.AppStore|Any CPU.ActiveCfg = Release|x86
		{EBEAEF81-9EED-494D-BDEB-CED177C527B8}.AppStore|Any CPU.Build.0 = Release|x86
		{EBEAEF81-9EED-494D-BDEB-CED177C527B8}.AppStore|Any CPU.Deploy.0 = Release|x86
		{EBEAEF81-9EED-494D-BDEB-CED177C527B8}.AppStore|ARM.ActiveCfg = Release|ARM
		{EBEAEF81-9EED-494D-BDEB-CED177C527B8}.AppStore|ARM.Build.0 = Release|ARM
		{EBEAEF81-9EED-494D-BDEB-CED177C527B8}.AppStore|ARM.Deploy.0 = Release|ARM
		{EBEAEF81-9EED-494D-BDEB-CED177C527B8}.AppStore|iPhone.ActiveCfg = Release|x86
		{EBEAEF81-9EED-494D-BDEB-CED177C527B8}.AppStore|iPhone.Build.0 = Release|x86
		{EBEAEF81-9EED-494D-BDEB-CED177C527B8}.AppStore|iPhone.Deploy.0 = Release|x86
		{EBEAEF81-9EED-494D-BDEB-CED177C527B8}.AppStore|iPhoneSimulator.ActiveCfg = Release|x86
		{EBEAEF81-9EED-494D-BDEB-CED177C527B8}.AppStore|iPhoneSimulator.Build.0 = Release|x86
		{EBEAEF81-9EED-494D-BDEB-CED177C527B8}.AppStore|iPhoneSimulator.Deploy.0 = Release|x86
		{EBEAEF81-9EED-494D-BDEB-CED177C527B8}.AppStore|x64.ActiveCfg = Release|x64
		{EBEAEF81-9EED-494D-BDEB-CED177C527B8}.AppStore|x64.Build.0 = Release|x64
		{EBEAEF81-9EED-494D-BDEB-CED177C527B8}.AppStore|x64.Deploy.0 = Release|x64
		{EBEAEF81-9EED-494D-BDEB-CED177C527B8}.AppStore|x86.ActiveCfg = Release|x86
		{EBEAEF81-9EED-494D-BDEB-CED177C527B8}.AppStore|x86.Build.0 = Release|x86
		{EBEAEF81-9EED-494D-BDEB-CED177C527B8}.AppStore|x86.Deploy.0 = Release|x86
		{EBEAEF81-9EED-494D-BDEB-CED177C527B8}.Debug|Any CPU.ActiveCfg = Debug|x86
		{EBEAEF81-9EED-494D-BDEB-CED177C527B8}.Debug|ARM.ActiveCfg = Debug|ARM
		{EBEAEF81-9EED-494D-BDEB-CED177C527B8}.Debug|ARM.Build.0 = Debug|ARM
		{EBEAEF81-9EED-494D-BDEB-CED177C527B8}.Debug|ARM.Deploy.0 = Debug|ARM
		{EBEAEF81-9EED-494D-BDEB-CED177C527B8}.Debug|iPhone.ActiveCfg = Debug|x86
		{EBEAEF81-9EED-494D-BDEB-CED177C527B8}.Debug|iPhoneSimulator.ActiveCfg = Debug|x86
		{EBEAEF81-9EED-494D-BDEB-CED177C527B8}.Debug|x64.ActiveCfg = Debug|x64
		{EBEAEF81-9EED-494D-BDEB-CED177C527B8}.Debug|x64.Build.0 = Debug|x64
		{EBEAEF81-9EED-494D-BDEB-CED177C527B8}.Debug|x64.Deploy.0 = Debug|x64
		{EBEAEF81-9EED-494D-BDEB-CED177C527B8}.Debug|x86.ActiveCfg = Debug|x86
		{EBEAEF81-9EED-494D-BDEB-CED177C527B8}.Debug|x86.Build.0 = Debug|x86
		{EBEAEF81-9EED-494D-BDEB-CED177C527B8}.Debug|x86.Deploy.0 = Debug|x86
		{EBEAEF81-9EED-494D-BDEB-CED177C527B8}.Release|Any CPU.ActiveCfg = Release|x86
		{EBEAEF81-9EED-494D-BDEB-CED177C527B8}.Release|ARM.ActiveCfg = Release|ARM
		{EBEAEF81-9EED-494D-BDEB-CED177C527B8}.Release|ARM.Build.0 = Release|ARM
		{EBEAEF81-9EED-494D-BDEB-CED177C527B8}.Release|ARM.Deploy.0 = Release|ARM
		{EBEAEF81-9EED-494D-BDEB-CED177C527B8}.Release|iPhone.ActiveCfg = Release|x86
		{EBEAEF81-9EED-494D-BDEB-CED177C527B8}.Release|iPhoneSimulator.ActiveCfg = Release|x86
		{EBEAEF81-9EED-494D-BDEB-CED177C527B8}.Release|x64.ActiveCfg = Release|x64
		{EBEAEF81-9EED-494D-BDEB-CED177C527B8}.Release|x64.Build.0 = Release|x64
		{EBEAEF81-9EED-494D-BDEB-CED177C527B8}.Release|x64.Deploy.0 = Release|x64
		{EBEAEF81-9EED-494D-BDEB-CED177C527B8}.Release|x86.ActiveCfg = Release|x86
		{EBEAEF81-9EED-494D-BDEB-CED177C527B8}.Release|x86.Build.0 = Release|x86
		{EBEAEF81-9EED-494D-BDEB-CED177C527B8}.Release|x86.Deploy.0 = Release|x86
		{B0F683AE-4DB7-4E1C-BD8E-AF4A16BC623F}.Ad-Hoc|Any CPU.ActiveCfg = Debug|Any CPU
		{B0F683AE-4DB7-4E1C-BD8E-AF4A16BC623F}.Ad-Hoc|Any CPU.Build.0 = Debug|Any CPU
		{B0F683AE-4DB7-4E1C-BD8E-AF4A16BC623F}.Ad-Hoc|ARM.ActiveCfg = Debug|Any CPU
		{B0F683AE-4DB7-4E1C-BD8E-AF4A16BC623F}.Ad-Hoc|ARM.Build.0 = Debug|Any CPU
		{B0F683AE-4DB7-4E1C-BD8E-AF4A16BC623F}.Ad-Hoc|iPhone.ActiveCfg = Debug|Any CPU
		{B0F683AE-4DB7-4E1C-BD8E-AF4A16BC623F}.Ad-Hoc|iPhone.Build.0 = Debug|Any CPU
		{B0F683AE-4DB7-4E1C-BD8E-AF4A16BC623F}.Ad-Hoc|iPhoneSimulator.ActiveCfg = Debug|Any CPU
		{B0F683AE-4DB7-4E1C-BD8E-AF4A16BC623F}.Ad-Hoc|iPhoneSimulator.Build.0 = Debug|Any CPU
		{B0F683AE-4DB7-4E1C-BD8E-AF4A16BC623F}.Ad-Hoc|x64.ActiveCfg = Debug|Any CPU
		{B0F683AE-4DB7-4E1C-BD8E-AF4A16BC623F}.Ad-Hoc|x64.Build.0 = Debug|Any CPU
		{B0F683AE-4DB7-4E1C-BD8E-AF4A16BC623F}.Ad-Hoc|x86.ActiveCfg = Debug|Any CPU
		{B0F683AE-4DB7-4E1C-BD8E-AF4A16BC623F}.Ad-Hoc|x86.Build.0 = Debug|Any CPU
		{B0F683AE-4DB7-4E1C-BD8E-AF4A16BC623F}.AppStore|Any CPU.ActiveCfg = Debug|Any CPU
		{B0F683AE-4DB7-4E1C-BD8E-AF4A16BC623F}.AppStore|Any CPU.Build.0 = Debug|Any CPU
		{B0F683AE-4DB7-4E1C-BD8E-AF4A16BC623F}.AppStore|ARM.ActiveCfg = Debug|Any CPU
		{B0F683AE-4DB7-4E1C-BD8E-AF4A16BC623F}.AppStore|ARM.Build.0 = Debug|Any CPU
		{B0F683AE-4DB7-4E1C-BD8E-AF4A16BC623F}.AppStore|iPhone.ActiveCfg = Debug|Any CPU
		{B0F683AE-4DB7-4E1C-BD8E-AF4A16BC623F}.AppStore|iPhone.Build.0 = Debug|Any CPU
		{B0F683AE-4DB7-4E1C-BD8E-AF4A16BC623F}.AppStore|iPhoneSimulator.ActiveCfg = Debug|Any CPU
		{B0F683AE-4DB7-4E1C-BD8E-AF4A16BC623F}.AppStore|iPhoneSimulator.Build.0 = Debug|Any CPU
		{B0F683AE-4DB7-4E1C-BD8E-AF4A16BC623F}.AppStore|x64.ActiveCfg = Debug|Any CPU
		{B0F683AE-4DB7-4E1C-BD8E-AF4A16BC623F}.AppStore|x64.Build.0 = Debug|Any CPU
		{B0F683AE-4DB7-4E1C-BD8E-AF4A16BC623F}.AppStore|x86.ActiveCfg = Debug|Any CPU
		{B0F683AE-4DB7-4E1C-BD8E-AF4A16BC623F}.AppStore|x86.Build.0 = Debug|Any CPU
		{B0F683AE-4DB7-4E1C-BD8E-AF4A16BC623F}.Debug|Any CPU.ActiveCfg = Debug|Any CPU
		{B0F683AE-4DB7-4E1C-BD8E-AF4A16BC623F}.Debug|Any CPU.Build.0 = Debug|Any CPU
		{B0F683AE-4DB7-4E1C-BD8E-AF4A16BC623F}.Debug|ARM.ActiveCfg = Debug|Any CPU
		{B0F683AE-4DB7-4E1C-BD8E-AF4A16BC623F}.Debug|ARM.Build.0 = Debug|Any CPU
		{B0F683AE-4DB7-4E1C-BD8E-AF4A16BC623F}.Debug|iPhone.ActiveCfg = Debug|Any CPU
		{B0F683AE-4DB7-4E1C-BD8E-AF4A16BC623F}.Debug|iPhone.Build.0 = Debug|Any CPU
		{B0F683AE-4DB7-4E1C-BD8E-AF4A16BC623F}.Debug|iPhoneSimulator.ActiveCfg = Debug|Any CPU
		{B0F683AE-4DB7-4E1C-BD8E-AF4A16BC623F}.Debug|iPhoneSimulator.Build.0 = Debug|Any CPU
		{B0F683AE-4DB7-4E1C-BD8E-AF4A16BC623F}.Debug|x64.ActiveCfg = Debug|Any CPU
		{B0F683AE-4DB7-4E1C-BD8E-AF4A16BC623F}.Debug|x64.Build.0 = Debug|Any CPU
		{B0F683AE-4DB7-4E1C-BD8E-AF4A16BC623F}.Debug|x86.ActiveCfg = Debug|Any CPU
		{B0F683AE-4DB7-4E1C-BD8E-AF4A16BC623F}.Debug|x86.Build.0 = Debug|Any CPU
		{B0F683AE-4DB7-4E1C-BD8E-AF4A16BC623F}.Release|Any CPU.ActiveCfg = Release|Any CPU
		{B0F683AE-4DB7-4E1C-BD8E-AF4A16BC623F}.Release|Any CPU.Build.0 = Release|Any CPU
		{B0F683AE-4DB7-4E1C-BD8E-AF4A16BC623F}.Release|ARM.ActiveCfg = Release|Any CPU
		{B0F683AE-4DB7-4E1C-BD8E-AF4A16BC623F}.Release|ARM.Build.0 = Release|Any CPU
		{B0F683AE-4DB7-4E1C-BD8E-AF4A16BC623F}.Release|iPhone.ActiveCfg = Release|Any CPU
		{B0F683AE-4DB7-4E1C-BD8E-AF4A16BC623F}.Release|iPhone.Build.0 = Release|Any CPU
		{B0F683AE-4DB7-4E1C-BD8E-AF4A16BC623F}.Release|iPhoneSimulator.ActiveCfg = Release|Any CPU
		{B0F683AE-4DB7-4E1C-BD8E-AF4A16BC623F}.Release|iPhoneSimulator.Build.0 = Release|Any CPU
		{B0F683AE-4DB7-4E1C-BD8E-AF4A16BC623F}.Release|x64.ActiveCfg = Release|Any CPU
		{B0F683AE-4DB7-4E1C-BD8E-AF4A16BC623F}.Release|x64.Build.0 = Release|Any CPU
		{B0F683AE-4DB7-4E1C-BD8E-AF4A16BC623F}.Release|x86.ActiveCfg = Release|Any CPU
		{B0F683AE-4DB7-4E1C-BD8E-AF4A16BC623F}.Release|x86.Build.0 = Release|Any CPU
	EndGlobalSection
	GlobalSection(SolutionProperties) = preSolution
		HideSolutionNode = FALSE
	EndGlobalSection
	GlobalSection(ExtensibilityGlobals) = postSolution
		SolutionGuid = {5D33CB74-151A-45AA-8FB7-598185D8C1EC}
	EndGlobalSection
EndGlobal
